
Microsoft Visual Studio Solution File, Format Version 12.00
# Visual Studio Version 16
VisualStudioVersion = 16.0.30804.86
MinimumVisualStudioVersion = 10.0.40219.1
Project("{FAE04EC0-301F-11D3-BF4B-00C04F79EFBC}") = "Events.Web", "Events.Web\Events.Web.csproj", "{8D2D2020-72C4-487D-8D90-045CD1DE1F45}"
EndProject
Project("{FAE04EC0-301F-11D3-BF4B-00C04F79EFBC}") = "Events.Data", "Events.Data\Events.Data.csproj", "{74396499-A74E-473A-B999-DED067B64B7F}"
EndProject
Global
	GlobalSection(SolutionConfigurationPlatforms) = preSolution
		Debug|Any CPU = Debug|Any CPU
		Release|Any CPU = Release|Any CPU
	EndGlobalSection
	GlobalSection(ProjectConfigurationPlatforms) = postSolution
		{8D2D2020-72C4-487D-8D90-045CD1DE1F45}.Debug|Any CPU.ActiveCfg = Debug|Any CPU
		{8D2D2020-72C4-487D-8D90-045CD1DE1F45}.Debug|Any CPU.Build.0 = Debug|Any CPU
		{8D2D2020-72C4-487D-8D90-045CD1DE1F45}.Release|Any CPU.ActiveCfg = Release|Any CPU
		{8D2D2020-72C4-487D-8D90-045CD1DE1F45}.Release|Any CPU.Build.0 = Release|Any CPU
		{74396499-A74E-473A-B999-DED067B64B7F}.Debug|Any CPU.ActiveCfg = Debug|Any CPU
		{74396499-A74E-473A-B999-DED067B64B7F}.Debug|Any CPU.Build.0 = Debug|Any CPU
		{74396499-A74E-473A-B999-DED067B64B7F}.Release|Any CPU.ActiveCfg = Release|Any CPU
		{74396499-A74E-473A-B999-DED067B64B7F}.Release|Any CPU.Build.0 = Release|Any CPU
	EndGlobalSection
	GlobalSection(SolutionProperties) = preSolution
		HideSolutionNode = FALSE
	EndGlobalSection
	GlobalSection(ExtensibilityGlobals) = postSolution
		SolutionGuid = {DB85DF77-246B-4B70-85C6-30595E83EAFF}
	EndGlobalSection
EndGlobal
